
Microsoft Visual Studio Solution File, Format Version 12.00
# Visual Studio Version 17
VisualStudioVersion = 17.13.35919.96 d17.13
MinimumVisualStudioVersion = 10.0.40219.1
Project("{FAE04EC0-301F-11D3-BF4B-00C04F79EFBC}") = "CalculationService", "Backend\CalculationService\CalculationService.csproj", "{2EF50716-9B52-D498-69EF-5A893761D109}"
EndProject
Project("{FAE04EC0-301F-11D3-BF4B-00C04F79EFBC}") = "ElectricityServiceApi", "Backend\ElectricityServiceApi\ElectricityServiceApi.csproj", "{144C0494-F7D1-E085-ECA9-B8C15E582963}"
EndProject
Project("{2150E333-8FDC-42A3-9474-1A3956D46DE8}") = "Solution Items", "Solution Items", "{8EC462FD-D22E-90A8-E5CE-7E832BA40C5D}"
	ProjectSection(SolutionItems) = preProject
		runApp.ps1 = runApp.ps1
		sharedAppSettings.json = sharedAppSettings.json
	EndProjectSection
EndProject
Global
	GlobalSection(SolutionConfigurationPlatforms) = preSolution
		Debug|Any CPU = Debug|Any CPU
		Release|Any CPU = Release|Any CPU
	EndGlobalSection
	GlobalSection(ProjectConfigurationPlatforms) = postSolution
		{2EF50716-9B52-D498-69EF-5A893761D109}.Debug|Any CPU.ActiveCfg = Debug|Any CPU
		{2EF50716-9B52-D498-69EF-5A893761D109}.Debug|Any CPU.Build.0 = Debug|Any CPU
		{2EF50716-9B52-D498-69EF-5A893761D109}.Release|Any CPU.ActiveCfg = Release|Any CPU
		{2EF50716-9B52-D498-69EF-5A893761D109}.Release|Any CPU.Build.0 = Release|Any CPU
		{144C0494-F7D1-E085-ECA9-B8C15E582963}.Debug|Any CPU.ActiveCfg = Debug|Any CPU
		{144C0494-F7D1-E085-ECA9-B8C15E582963}.Debug|Any CPU.Build.0 = Debug|Any CPU
		{144C0494-F7D1-E085-ECA9-B8C15E582963}.Release|Any CPU.ActiveCfg = Release|Any CPU
		{144C0494-F7D1-E085-ECA9-B8C15E582963}.Release|Any CPU.Build.0 = Release|Any CPU
	EndGlobalSection
	GlobalSection(SolutionProperties) = preSolution
		HideSolutionNode = FALSE
	EndGlobalSection
	GlobalSection(ExtensibilityGlobals) = postSolution
		SolutionGuid = {4680C3DD-6F9C-4CDD-B9F8-70F3F182D3A4}
	EndGlobalSection
EndGlobal
